// !$*UTF8*$!
{
	archiveVersion = 1;
	classes = {
	};
	objectVersion = 50;
	objects = {

/* Begin PBXBuildFile section */
		A11F7067266032A000B2F325 /* BadgeSymbol.swift in Sources */ = {isa = PBXBuildFile; fileRef = A11F7066266032A000B2F325 /* BadgeSymbol.swift */; };
		A11F70692660337100B2F325 /* RotatedBadgeSymbol.swift in Sources */ = {isa = PBXBuildFile; fileRef = A11F70682660337100B2F325 /* RotatedBadgeSymbol.swift */; };
		A11F706B266033F500B2F325 /* Badge.swift in Sources */ = {isa = PBXBuildFile; fileRef = A11F706A266033F500B2F325 /* Badge.swift */; };
		A11F706E26603CB600B2F325 /* hikeData.json in Resources */ = {isa = PBXBuildFile; fileRef = A11F706D26603CB600B2F325 /* hikeData.json */; };
		A11F707026603D9C00B2F325 /* Hike.swift in Sources */ = {isa = PBXBuildFile; fileRef = A11F706F26603D9C00B2F325 /* Hike.swift */; };
		A11F707626603DDB00B2F325 /* GraphCapsule.swift in Sources */ = {isa = PBXBuildFile; fileRef = A11F707226603DDB00B2F325 /* GraphCapsule.swift */; };
		A11F707726603DDB00B2F325 /* HikeGraph.swift in Sources */ = {isa = PBXBuildFile; fileRef = A11F707326603DDB00B2F325 /* HikeGraph.swift */; };
		A11F707826603DDB00B2F325 /* HikeDetail.swift in Sources */ = {isa = PBXBuildFile; fileRef = A11F707426603DDB00B2F325 /* HikeDetail.swift */; };
		A11F707926603DDB00B2F325 /* HikeView.swift in Sources */ = {isa = PBXBuildFile; fileRef = A11F707526603DDB00B2F325 /* HikeView.swift */; };
		A137572D26618269009842F1 /* CategoryHome.swift in Sources */ = {isa = PBXBuildFile; fileRef = A137572C26618269009842F1 /* CategoryHome.swift */; };
		A1859B32265EE1D0000577A7 /* FavoriteButton.swift in Sources */ = {isa = PBXBuildFile; fileRef = A1859B31265EE1D0000577A7 /* FavoriteButton.swift */; };
		A1859B36265EEAAE000577A7 /* HexagonParameters.swift in Sources */ = {isa = PBXBuildFile; fileRef = A1859B35265EEAAE000577A7 /* HexagonParameters.swift */; };
		A18C332D265C2A8200580B28 /* LandmarkList.swift in Sources */ = {isa = PBXBuildFile; fileRef = A18C332C265C2A8200580B28 /* LandmarkList.swift */; };
		A18C332F265C2DE800580B28 /* LandmarkDetail.swift in Sources */ = {isa = PBXBuildFile; fileRef = A18C332E265C2DE800580B28 /* LandmarkDetail.swift */; };
		A1931A85265F7D9900B5CBA0 /* BadgeBackground.swift in Sources */ = {isa = PBXBuildFile; fileRef = A1931A84265F7D9900B5CBA0 /* BadgeBackground.swift */; };
		A1A77637265C0F4200AD466D /* LandmarksApp.swift in Sources */ = {isa = PBXBuildFile; fileRef = A1A77636265C0F4200AD466D /* LandmarksApp.swift */; };
		A1A77639265C0F4200AD466D /* ContentView.swift in Sources */ = {isa = PBXBuildFile; fileRef = A1A77638265C0F4200AD466D /* ContentView.swift */; };
		A1A7763B265C0F4200AD466D /* Assets.xcassets in Resources */ = {isa = PBXBuildFile; fileRef = A1A7763A265C0F4200AD466D /* Assets.xcassets */; };
		A1A7763E265C0F4200AD466D /* Preview Assets.xcassets in Resources */ = {isa = PBXBuildFile; fileRef = A1A7763D265C0F4200AD466D /* Preview Assets.xcassets */; };
		A1A77646265C14B500AD466D /* CircleImage.swift in Sources */ = {isa = PBXBuildFile; fileRef = A1A77645265C14B500AD466D /* CircleImage.swift */; };
		A1A77648265C154D00AD466D /* MapView.swift in Sources */ = {isa = PBXBuildFile; fileRef = A1A77647265C154D00AD466D /* MapView.swift */; };
		A1A7764A265C191A00AD466D /* landmarkData.json in Resources */ = {isa = PBXBuildFile; fileRef = A1A77649265C191A00AD466D /* landmarkData.json */; };
		A1A7764C265C193A00AD466D /* Landmark.swift in Sources */ = {isa = PBXBuildFile; fileRef = A1A7764B265C193A00AD466D /* Landmark.swift */; };
		A1A7764E265C1B1100AD466D /* ModelData.swift in Sources */ = {isa = PBXBuildFile; fileRef = A1A7764D265C1B1100AD466D /* ModelData.swift */; };
		A1A77653265C22FA00AD466D /* LandmarkRow.swift in Sources */ = {isa = PBXBuildFile; fileRef = A1A77652265C22FA00AD466D /* LandmarkRow.swift */; };
/* End PBXBuildFile section */

/* Begin PBXFileReference section */
		A11F7066266032A000B2F325 /* BadgeSymbol.swift */ = {isa = PBXFileReference; lastKnownFileType = sourcecode.swift; path = BadgeSymbol.swift; sourceTree = "<group>"; };
		A11F70682660337100B2F325 /* RotatedBadgeSymbol.swift */ = {isa = PBXFileReference; lastKnownFileType = sourcecode.swift; path = RotatedBadgeSymbol.swift; sourceTree = "<group>"; };
		A11F706A266033F500B2F325 /* Badge.swift */ = {isa = PBXFileReference; lastKnownFileType = sourcecode.swift; path = Badge.swift; sourceTree = "<group>"; };
		A11F706D26603CB600B2F325 /* hikeData.json */ = {isa = PBXFileReference; fileEncoding = 4; lastKnownFileType = text.json; path = hikeData.json; sourceTree = "<group>"; };
		A11F706F26603D9C00B2F325 /* Hike.swift */ = {isa = PBXFileReference; lastKnownFileType = sourcecode.swift; path = Hike.swift; sourceTree = "<group>"; };
		A11F707226603DDB00B2F325 /* GraphCapsule.swift */ = {isa = PBXFileReference; fileEncoding = 4; lastKnownFileType = sourcecode.swift; path = GraphCapsule.swift; sourceTree = "<group>"; };
		A11F707326603DDB00B2F325 /* HikeGraph.swift */ = {isa = PBXFileReference; fileEncoding = 4; lastKnownFileType = sourcecode.swift; path = HikeGraph.swift; sourceTree = "<group>"; };
		A11F707426603DDB00B2F325 /* HikeDetail.swift */ = {isa = PBXFileReference; fileEncoding = 4; lastKnownFileType = sourcecode.swift; path = HikeDetail.swift; sourceTree = "<group>"; };
		A11F707526603DDB00B2F325 /* HikeView.swift */ = {isa = PBXFileReference; fileEncoding = 4; lastKnownFileType = sourcecode.swift; path = HikeView.swift; sourceTree = "<group>"; };
		A137572C26618269009842F1 /* CategoryHome.swift */ = {isa = PBXFileReference; lastKnownFileType = sourcecode.swift; path = CategoryHome.swift; sourceTree = "<group>"; };
		A1859B31265EE1D0000577A7 /* FavoriteButton.swift */ = {isa = PBXFileReference; lastKnownFileType = sourcecode.swift; path = FavoriteButton.swift; sourceTree = "<group>"; };
		A1859B35265EEAAE000577A7 /* HexagonParameters.swift */ = {isa = PBXFileReference; lastKnownFileType = sourcecode.swift; path = HexagonParameters.swift; sourceTree = "<group>"; };
		A18C332C265C2A8200580B28 /* LandmarkList.swift */ = {isa = PBXFileReference; lastKnownFileType = sourcecode.swift; path = LandmarkList.swift; sourceTree = "<group>"; };
		A18C332E265C2DE800580B28 /* LandmarkDetail.swift */ = {isa = PBXFileReference; lastKnownFileType = sourcecode.swift; path = LandmarkDetail.swift; sourceTree = "<group>"; };
		A1931A84265F7D9900B5CBA0 /* BadgeBackground.swift */ = {isa = PBXFileReference; lastKnownFileType = sourcecode.swift; path = BadgeBackground.swift; sourceTree = "<group>"; };
		A1A77633265C0F4200AD466D /* Landmarks.app */ = {isa = PBXFileReference; explicitFileType = wrapper.application; includeInIndex = 0; path = Landmarks.app; sourceTree = BUILT_PRODUCTS_DIR; };
		A1A77636265C0F4200AD466D /* LandmarksApp.swift */ = {isa = PBXFileReference; lastKnownFileType = sourcecode.swift; path = LandmarksApp.swift; sourceTree = "<group>"; };
		A1A77638265C0F4200AD466D /* ContentView.swift */ = {isa = PBXFileReference; lastKnownFileType = sourcecode.swift; path = ContentView.swift; sourceTree = "<group>"; };
		A1A7763A265C0F4200AD466D /* Assets.xcassets */ = {isa = PBXFileReference; lastKnownFileType = folder.assetcatalog; path = Assets.xcassets; sourceTree = "<group>"; };
		A1A7763D265C0F4200AD466D /* Preview Assets.xcassets */ = {isa = PBXFileReference; lastKnownFileType = folder.assetcatalog; path = "Preview Assets.xcassets"; sourceTree = "<group>"; };
		A1A7763F265C0F4200AD466D /* Info.plist */ = {isa = PBXFileReference; lastKnownFileType = text.plist.xml; path = Info.plist; sourceTree = "<group>"; };
		A1A77645265C14B500AD466D /* CircleImage.swift */ = {isa = PBXFileReference; lastKnownFileType = sourcecode.swift; path = CircleImage.swift; sourceTree = "<group>"; };
		A1A77647265C154D00AD466D /* MapView.swift */ = {isa = PBXFileReference; lastKnownFileType = sourcecode.swift; path = MapView.swift; sourceTree = "<group>"; };
		A1A77649265C191A00AD466D /* landmarkData.json */ = {isa = PBXFileReference; fileEncoding = 4; lastKnownFileType = text.json; path = landmarkData.json; sourceTree = "<group>"; };
		A1A7764B265C193A00AD466D /* Landmark.swift */ = {isa = PBXFileReference; lastKnownFileType = sourcecode.swift; path = Landmark.swift; sourceTree = "<group>"; };
		A1A7764D265C1B1100AD466D /* ModelData.swift */ = {isa = PBXFileReference; lastKnownFileType = sourcecode.swift; path = ModelData.swift; sourceTree = "<group>"; };
		A1A77652265C22FA00AD466D /* LandmarkRow.swift */ = {isa = PBXFileReference; lastKnownFileType = sourcecode.swift; path = LandmarkRow.swift; sourceTree = "<group>"; };
/* End PBXFileReference section */

/* Begin PBXFrameworksBuildPhase section */
		A1A77630265C0F4200AD466D /* Frameworks */ = {
			isa = PBXFrameworksBuildPhase;
			buildActionMask = 2147483647;
			files = (
			);
			runOnlyForDeploymentPostprocessing = 0;
		};
/* End PBXFrameworksBuildPhase section */

/* Begin PBXGroup section */
		A11F706C266035AD00B2F325 /* Badges */ = {
			isa = PBXGroup;
			children = (
				A11F706A266033F500B2F325 /* Badge.swift */,
				A1931A84265F7D9900B5CBA0 /* BadgeBackground.swift */,
				A11F7066266032A000B2F325 /* BadgeSymbol.swift */,
				A11F70682660337100B2F325 /* RotatedBadgeSymbol.swift */,
				A1859B35265EEAAE000577A7 /* HexagonParameters.swift */,
			);
			path = Badges;
			sourceTree = "<group>";
		};
		A11F707126603DDB00B2F325 /* Hikes */ = {
			isa = PBXGroup;
			children = (
				A11F707226603DDB00B2F325 /* GraphCapsule.swift */,
				A11F707326603DDB00B2F325 /* HikeGraph.swift */,
				A11F707426603DDB00B2F325 /* HikeDetail.swift */,
				A11F707526603DDB00B2F325 /* HikeView.swift */,
			);
			path = Hikes;
			sourceTree = "<group>";
		};
		A137572B2661819F009842F1 /* Categories */ = {
			isa = PBXGroup;
			children = (
				A137572C26618269009842F1 /* CategoryHome.swift */,
			);
			path = Categories;
			sourceTree = "<group>";
		};
		A1859B33265EE563000577A7 /* Landmarks */ = {
			isa = PBXGroup;
			children = (
				A18C332C265C2A8200580B28 /* LandmarkList.swift */,
				A18C332E265C2DE800580B28 /* LandmarkDetail.swift */,
				A1A77652265C22FA00AD466D /* LandmarkRow.swift */,
			);
			path = Landmarks;
			sourceTree = "<group>";
		};
		A1859B34265EE56E000577A7 /* Helpers */ = {
			isa = PBXGroup;
			children = (
				A1A77645265C14B500AD466D /* CircleImage.swift */,
				A1A77647265C154D00AD466D /* MapView.swift */,
				A1859B31265EE1D0000577A7 /* FavoriteButton.swift */,
			);
			path = Helpers;
			sourceTree = "<group>";
		};
		A1A7762A265C0F4200AD466D = {
			isa = PBXGroup;
			children = (
				A1A77635265C0F4200AD466D /* Landmarks */,
				A1A77634265C0F4200AD466D /* Products */,
			);
			sourceTree = "<group>";
		};
		A1A77634265C0F4200AD466D /* Products */ = {
			isa = PBXGroup;
			children = (
				A1A77633265C0F4200AD466D /* Landmarks.app */,
			);
			name = Products;
			sourceTree = "<group>";
		};
		A1A77635265C0F4200AD466D /* Landmarks */ = {
			isa = PBXGroup;
			children = (
				A1A77636265C0F4200AD466D /* LandmarksApp.swift */,
				A1A7764F265C1C7700AD466D /* Views */,
				A1A77650265C1C9B00AD466D /* Model */,
				A1A77651265C1CCC00AD466D /* Resources */,
				A1A7763A265C0F4200AD466D /* Assets.xcassets */,
				A1A7763F265C0F4200AD466D /* Info.plist */,
				A1A7763C265C0F4200AD466D /* Preview Content */,
			);
			path = Landmarks;
			sourceTree = "<group>";
		};
		A1A7763C265C0F4200AD466D /* Preview Content */ = {
			isa = PBXGroup;
			children = (
				A1A7763D265C0F4200AD466D /* Preview Assets.xcassets */,
			);
			path = "Preview Content";
			sourceTree = "<group>";
		};
		A1A7764F265C1C7700AD466D /* Views */ = {
			isa = PBXGroup;
			children = (
				A1A77638265C0F4200AD466D /* ContentView.swift */,
				A137572B2661819F009842F1 /* Categories */,
				A11F707126603DDB00B2F325 /* Hikes */,
				A1859B33265EE563000577A7 /* Landmarks */,
				A1859B34265EE56E000577A7 /* Helpers */,
				A11F706C266035AD00B2F325 /* Badges */,
			);
			path = Views;
			sourceTree = "<group>";
		};
		A1A77650265C1C9B00AD466D /* Model */ = {
			isa = PBXGroup;
			children = (
				A1A7764D265C1B1100AD466D /* ModelData.swift */,
				A1A7764B265C193A00AD466D /* Landmark.swift */,
				A11F706F26603D9C00B2F325 /* Hike.swift */,
			);
			path = Model;
			sourceTree = "<group>";
		};
		A1A77651265C1CCC00AD466D /* Resources */ = {
			isa = PBXGroup;
			children = (
				A11F706D26603CB600B2F325 /* hikeData.json */,
				A1A77649265C191A00AD466D /* landmarkData.json */,
			);
			path = Resources;
			sourceTree = "<group>";
		};
/* End PBXGroup section */

/* Begin PBXNativeTarget section */
		A1A77632265C0F4200AD466D /* Landmarks */ = {
			isa = PBXNativeTarget;
			buildConfigurationList = A1A77642265C0F4200AD466D /* Build configuration list for PBXNativeTarget "Landmarks" */;
			buildPhases = (
				A1A7762F265C0F4200AD466D /* Sources */,
				A1A77630265C0F4200AD466D /* Frameworks */,
				A1A77631265C0F4200AD466D /* Resources */,
			);
			buildRules = (
			);
			dependencies = (
			);
			name = Landmarks;
			productName = Landmarks;
			productReference = A1A77633265C0F4200AD466D /* Landmarks.app */;
			productType = "com.apple.product-type.application";
		};
/* End PBXNativeTarget section */

/* Begin PBXProject section */
		A1A7762B265C0F4200AD466D /* Project object */ = {
			isa = PBXProject;
			attributes = {
				LastSwiftUpdateCheck = 1250;
				LastUpgradeCheck = 1250;
				TargetAttributes = {
					A1A77632265C0F4200AD466D = {
						CreatedOnToolsVersion = 12.5;
					};
				};
			};
			buildConfigurationList = A1A7762E265C0F4200AD466D /* Build configuration list for PBXProject "Landmarks" */;
			compatibilityVersion = "Xcode 9.3";
			developmentRegion = en;
			hasScannedForEncodings = 0;
			knownRegions = (
				en,
				Base,
			);
			mainGroup = A1A7762A265C0F4200AD466D;
			productRefGroup = A1A77634265C0F4200AD466D /* Products */;
			projectDirPath = "";
			projectRoot = "";
			targets = (
				A1A77632265C0F4200AD466D /* Landmarks */,
			);
		};
/* End PBXProject section */

/* Begin PBXResourcesBuildPhase section */
		A1A77631265C0F4200AD466D /* Resources */ = {
			isa = PBXResourcesBuildPhase;
			buildActionMask = 2147483647;
			files = (
				A11F706E26603CB600B2F325 /* hikeData.json in Resources */,
				A1A7763E265C0F4200AD466D /* Preview Assets.xcassets in Resources */,
				A1A7763B265C0F4200AD466D /* Assets.xcassets in Resources */,
				A1A7764A265C191A00AD466D /* landmarkData.json in Resources */,
			);
			runOnlyForDeploymentPostprocessing = 0;
		};
/* End PBXResourcesBuildPhase section */

/* Begin PBXSourcesBuildPhase section */
		A1A7762F265C0F4200AD466D /* Sources */ = {
			isa = PBXSourcesBuildPhase;
			buildActionMask = 2147483647;
			files = (
				A1A77639265C0F4200AD466D /* ContentView.swift in Sources */,
				A137572D26618269009842F1 /* CategoryHome.swift in Sources */,
				A11F707726603DDB00B2F325 /* HikeGraph.swift in Sources */,
				A11F706B266033F500B2F325 /* Badge.swift in Sources */,
				A1A77648265C154D00AD466D /* MapView.swift in Sources */,
				A11F707626603DDB00B2F325 /* GraphCapsule.swift in Sources */,
				A1A77637265C0F4200AD466D /* LandmarksApp.swift in Sources */,
				A1859B32265EE1D0000577A7 /* FavoriteButton.swift in Sources */,
				A11F707826603DDB00B2F325 /* HikeDetail.swift in Sources */,
				A1859B36265EEAAE000577A7 /* HexagonParameters.swift in Sources */,
				A11F707026603D9C00B2F325 /* Hike.swift in Sources */,
				A11F70692660337100B2F325 /* RotatedBadgeSymbol.swift in Sources */,
				A11F7067266032A000B2F325 /* BadgeSymbol.swift in Sources */,
				A18C332D265C2A8200580B28 /* LandmarkList.swift in Sources */,
				A11F707926603DDB00B2F325 /* HikeView.swift in Sources */,
				A18C332F265C2DE800580B28 /* LandmarkDetail.swift in Sources */,
				A1931A85265F7D9900B5CBA0 /* BadgeBackground.swift in Sources */,
				A1A77646265C14B500AD466D /* CircleImage.swift in Sources */,
				A1A7764C265C193A00AD466D /* Landmark.swift in Sources */,
				A1A77653265C22FA00AD466D /* LandmarkRow.swift in Sources */,
				A1A7764E265C1B1100AD466D /* ModelData.swift in Sources */,
			);
			runOnlyForDeploymentPostprocessing = 0;
		};
/* End PBXSourcesBuildPhase section */

/* Begin XCBuildConfiguration section */
		A1A77640265C0F4200AD466D /* Debug */ = {
			isa = XCBuildConfiguration;
			buildSettings = {
				ALWAYS_SEARCH_USER_PATHS = NO;
				CLANG_ANALYZER_NONNULL = YES;
				CLANG_ANALYZER_NUMBER_OBJECT_CONVERSION = YES_AGGRESSIVE;
				CLANG_CXX_LANGUAGE_STANDARD = "gnu++14";
				CLANG_CXX_LIBRARY = "libc++";
				CLANG_ENABLE_MODULES = YES;
				CLANG_ENABLE_OBJC_ARC = YES;
				CLANG_ENABLE_OBJC_WEAK = YES;
				CLANG_WARN_BLOCK_CAPTURE_AUTORELEASING = YES;
				CLANG_WARN_BOOL_CONVERSION = YES;
				CLANG_WARN_COMMA = YES;
				CLANG_WARN_CONSTANT_CONVERSION = YES;
				CLANG_WARN_DEPRECATED_OBJC_IMPLEMENTATIONS = YES;
				CLANG_WARN_DIRECT_OBJC_ISA_USAGE = YES_ERROR;
				CLANG_WARN_DOCUMENTATION_COMMENTS = YES;
				CLANG_WARN_EMPTY_BODY = YES;
				CLANG_WARN_ENUM_CONVERSION = YES;
				CLANG_WARN_INFINITE_RECURSION = YES;
				CLANG_WARN_INT_CONVERSION = YES;
				CLANG_WARN_NON_LITERAL_NULL_CONVERSION = YES;
				CLANG_WARN_OBJC_IMPLICIT_RETAIN_SELF = YES;
				CLANG_WARN_OBJC_LITERAL_CONVERSION = YES;
				CLANG_WARN_OBJC_ROOT_CLASS = YES_ERROR;
				CLANG_WARN_QUOTED_INCLUDE_IN_FRAMEWORK_HEADER = YES;
				CLANG_WARN_RANGE_LOOP_ANALYSIS = YES;
				CLANG_WARN_STRICT_PROTOTYPES = YES;
				CLANG_WARN_SUSPICIOUS_MOVE = YES;
				CLANG_WARN_UNGUARDED_AVAILABILITY = YES_AGGRESSIVE;
				CLANG_WARN_UNREACHABLE_CODE = YES;
				CLANG_WARN__DUPLICATE_METHOD_MATCH = YES;
				COPY_PHASE_STRIP = NO;
				DEBUG_INFORMATION_FORMAT = dwarf;
				ENABLE_STRICT_OBJC_MSGSEND = YES;
				ENABLE_TESTABILITY = YES;
				GCC_C_LANGUAGE_STANDARD = gnu11;
				GCC_DYNAMIC_NO_PIC = NO;
				GCC_NO_COMMON_BLOCKS = YES;
				GCC_OPTIMIZATION_LEVEL = 0;
				GCC_PREPROCESSOR_DEFINITIONS = (
					"DEBUG=1",
					"$(inherited)",
				);
				GCC_WARN_64_TO_32_BIT_CONVERSION = YES;
				GCC_WARN_ABOUT_RETURN_TYPE = YES_ERROR;
				GCC_WARN_UNDECLARED_SELECTOR = YES;
				GCC_WARN_UNINITIALIZED_AUTOS = YES_AGGRESSIVE;
				GCC_WARN_UNUSED_FUNCTION = YES;
				GCC_WARN_UNUSED_VARIABLE = YES;
				IPHONEOS_DEPLOYMENT_TARGET = 14.5;
				MTL_ENABLE_DEBUG_INFO = INCLUDE_SOURCE;
				MTL_FAST_MATH = YES;
				ONLY_ACTIVE_ARCH = YES;
				SDKROOT = iphoneos;
				SWIFT_ACTIVE_COMPILATION_CONDITIONS = DEBUG;
				SWIFT_OPTIMIZATION_LEVEL = "-Onone";
			};
			name = Debug;
		};
		A1A77641265C0F4200AD466D /* Release */ = {
			isa = XCBuildConfiguration;
			buildSettings = {
				ALWAYS_SEARCH_USER_PATHS = NO;
				CLANG_ANALYZER_NONNULL = YES;
				CLANG_ANALYZER_NUMBER_OBJECT_CONVERSION = YES_AGGRESSIVE;
				CLANG_CXX_LANGUAGE_STANDARD = "gnu++14";
				CLANG_CXX_LIBRARY = "libc++";
				CLANG_ENABLE_MODULES = YES;
				CLANG_ENABLE_OBJC_ARC = YES;
				CLANG_ENABLE_OBJC_WEAK = YES;
				CLANG_WARN_BLOCK_CAPTURE_AUTORELEASING = YES;
				CLANG_WARN_BOOL_CONVERSION = YES;
				CLANG_WARN_COMMA = YES;
				CLANG_WARN_CONSTANT_CONVERSION = YES;
				CLANG_WARN_DEPRECATED_OBJC_IMPLEMENTATIONS = YES;
				CLANG_WARN_DIRECT_OBJC_ISA_USAGE = YES_ERROR;
				CLANG_WARN_DOCUMENTATION_COMMENTS = YES;
				CLANG_WARN_EMPTY_BODY = YES;
				CLANG_WARN_ENUM_CONVERSION = YES;
				CLANG_WARN_INFINITE_RECURSION = YES;
				CLANG_WARN_INT_CONVERSION = YES;
				CLANG_WARN_NON_LITERAL_NULL_CONVERSION = YES;
				CLANG_WARN_OBJC_IMPLICIT_RETAIN_SELF = YES;
				CLANG_WARN_OBJC_LITERAL_CONVERSION = YES;
				CLANG_WARN_OBJC_ROOT_CLASS = YES_ERROR;
				CLANG_WARN_QUOTED_INCLUDE_IN_FRAMEWORK_HEADER = YES;
				CLANG_WARN_RANGE_LOOP_ANALYSIS = YES;
				CLANG_WARN_STRICT_PROTOTYPES = YES;
				CLANG_WARN_SUSPICIOUS_MOVE = YES;
				CLANG_WARN_UNGUARDED_AVAILABILITY = YES_AGGRESSIVE;
				CLANG_WARN_UNREACHABLE_CODE = YES;
				CLANG_WARN__DUPLICATE_METHOD_MATCH = YES;
				COPY_PHASE_STRIP = NO;
				DEBUG_INFORMATION_FORMAT = "dwarf-with-dsym";
				ENABLE_NS_ASSERTIONS = NO;
				ENABLE_STRICT_OBJC_MSGSEND = YES;
				GCC_C_LANGUAGE_STANDARD = gnu11;
				GCC_NO_COMMON_BLOCKS = YES;
				GCC_WARN_64_TO_32_BIT_CONVERSION = YES;
				GCC_WARN_ABOUT_RETURN_TYPE = YES_ERROR;
				GCC_WARN_UNDECLARED_SELECTOR = YES;
				GCC_WARN_UNINITIALIZED_AUTOS = YES_AGGRESSIVE;
				GCC_WARN_UNUSED_FUNCTION = YES;
				GCC_WARN_UNUSED_VARIABLE = YES;
				IPHONEOS_DEPLOYMENT_TARGET = 14.5;
				MTL_ENABLE_DEBUG_INFO = NO;
				MTL_FAST_MATH = YES;
				SDKROOT = iphoneos;
				SWIFT_COMPILATION_MODE = wholemodule;
				SWIFT_OPTIMIZATION_LEVEL = "-O";
				VALIDATE_PRODUCT = YES;
			};
			name = Release;
		};
		A1A77643265C0F4200AD466D /* Debug */ = {
			isa = XCBuildConfiguration;
			buildSettings = {
				ASSETCATALOG_COMPILER_APPICON_NAME = AppIcon;
				ASSETCATALOG_COMPILER_GLOBAL_ACCENT_COLOR_NAME = AccentColor;
				CODE_SIGN_STYLE = Automatic;
				DEVELOPMENT_ASSET_PATHS = "\"Landmarks/Preview Content\"";
				DEVELOPMENT_TEAM = 2UDGGVXZU5;
				ENABLE_PREVIEWS = YES;
				INFOPLIST_FILE = Landmarks/Info.plist;
				IPHONEOS_DEPLOYMENT_TARGET = 14.0;
				LD_RUNPATH_SEARCH_PATHS = (
					"$(inherited)",
					"@executable_path/Frameworks",
				);
				PRODUCT_BUNDLE_IDENTIFIER = chehn.Landmarks;
				PRODUCT_NAME = "$(TARGET_NAME)";
				SWIFT_VERSION = 5.0;
				TARGETED_DEVICE_FAMILY = "1,2";
			};
			name = Debug;
		};
		A1A77644265C0F4200AD466D /* Release */ = {
			isa = XCBuildConfiguration;
			buildSettings = {
				ASSETCATALOG_COMPILER_APPICON_NAME = AppIcon;
				ASSETCATALOG_COMPILER_GLOBAL_ACCENT_COLOR_NAME = AccentColor;
				CODE_SIGN_STYLE = Automatic;
				DEVELOPMENT_ASSET_PATHS = "\"Landmarks/Preview Content\"";
				DEVELOPMENT_TEAM = 2UDGGVXZU5;
				ENABLE_PREVIEWS = YES;
				INFOPLIST_FILE = Landmarks/Info.plist;
				IPHONEOS_DEPLOYMENT_TARGET = 14.0;
				LD_RUNPATH_SEARCH_PATHS = (
					"$(inherited)",
					"@executable_path/Frameworks",
				);
				PRODUCT_BUNDLE_IDENTIFIER = chehn.Landmarks;
				PRODUCT_NAME = "$(TARGET_NAME)";
				SWIFT_VERSION = 5.0;
				TARGETED_DEVICE_FAMILY = "1,2";
			};
			name = Release;
		};
/* End XCBuildConfiguration section */

/* Begin XCConfigurationList section */
		A1A7762E265C0F4200AD466D /* Build configuration list for PBXProject "Landmarks" */ = {
			isa = XCConfigurationList;
			buildConfigurations = (
				A1A77640265C0F4200AD466D /* Debug */,
				A1A77641265C0F4200AD466D /* Release */,
			);
			defaultConfigurationIsVisible = 0;
			defaultConfigurationName = Release;
		};
		A1A77642265C0F4200AD466D /* Build configuration list for PBXNativeTarget "Landmarks" */ = {
			isa = XCConfigurationList;
			buildConfigurations = (
				A1A77643265C0F4200AD466D /* Debug */,
				A1A77644265C0F4200AD466D /* Release */,
			);
			defaultConfigurationIsVisible = 0;
			defaultConfigurationName = Release;
		};
/* End XCConfigurationList section */
	};
	rootObject = A1A7762B265C0F4200AD466D /* Project object */;
}
